<?xml version="1.0" encoding="utf-8"?>
<Project ToolsVersion="14.0" xmlns="http://schemas.microsoft.com/developer/msbuild/2003">
  <ItemGroup>
    <Filter Include="Resource Files">
      <UniqueIdentifier>{67DA6AB6-F800-4c08-8B7A-83BB121AAD01}</UniqueIdentifier>
      <Extensions>rc;ico;cur;bmp;dlg;rc2;rct;bin;rgs;gif;jpg;jpeg;jpe;resx;tga;tiff;tif;png;wav;mfcribbon-ms</Extensions>
    </Filter>
    <Filter Include="NewFilter1">
      <UniqueIdentifier>{9699cee4-0895-4492-8816-41ef26150172}</UniqueIdentifier>
    </Filter>
  </ItemGroup>
  <ItemGroup>
    <ClCompile Include="dllmain.cpp" />
    <ClCompile Include="Dll1.cpp" />
    <ClCompile Include="pch.cpp" />
    <ClCompile Include="..\DisEMBL\DisEMBL.c" />
  </ItemGroup>
  <ItemGroup>
    <ClInclude Include="Dll1.h" />
    <ClInclude Include="pch.h" />
    <ClInclude Include="targetver.h" />
    <ClInclude Include="..\DisEMBL\bfactor.h" />
    <ClInclude Include="..\DisEMBL\missing.h" />
    <ClInclude Include="..\DisEMBL\russel.h" />
  </ItemGroup>
</Project>